
Microsoft Visual Studio Solution File, Format Version 10.00
# Visual Studio 2008
Project("{FAE04EC0-301F-11D3-BF4B-00C04F79EFBC}") = "iaai", "iaai\iaai.csproj", "{AD58A11C-6CE0-4A27-9DCA-C1DF36A8CF58}"
EndProject
Project("{2150E333-8FDC-42A3-9474-1A3956D46DE8}") = "Solution Items", "Solution Items", "{94345662-3076-4767-9E4F-073DAAE97B2A}"
	ProjectSection(SolutionItems) = preProject
		LocalTestRun.testrunconfig = LocalTestRun.testrunconfig
	EndProjectSection
EndProject
Project("{FAE04EC0-301F-11D3-BF4B-00C04F79EFBC}") = "iaai_test", "iaai_test\iaai_test.csproj", "{661206A9-DC57-46E8-AB9F-BCFD23898F1E}"
EndProject
Global
	GlobalSection(SubversionScc) = preSolution
		Svn-Managed = True
		Manager = AnkhSVN - Subversion Support for Visual Studio
	EndGlobalSection
	GlobalSection(SolutionConfigurationPlatforms) = preSolution
		Debug|Any CPU = Debug|Any CPU
		Release|Any CPU = Release|Any CPU
	EndGlobalSection
	GlobalSection(ProjectConfigurationPlatforms) = postSolution
		{AD58A11C-6CE0-4A27-9DCA-C1DF36A8CF58}.Debug|Any CPU.ActiveCfg = Debug|Any CPU
		{AD58A11C-6CE0-4A27-9DCA-C1DF36A8CF58}.Debug|Any CPU.Build.0 = Debug|Any CPU
		{AD58A11C-6CE0-4A27-9DCA-C1DF36A8CF58}.Release|Any CPU.ActiveCfg = Release|Any CPU
		{AD58A11C-6CE0-4A27-9DCA-C1DF36A8CF58}.Release|Any CPU.Build.0 = Release|Any CPU
		{661206A9-DC57-46E8-AB9F-BCFD23898F1E}.Debug|Any CPU.ActiveCfg = Debug|Any CPU
		{661206A9-DC57-46E8-AB9F-BCFD23898F1E}.Debug|Any CPU.Build.0 = Debug|Any CPU
		{661206A9-DC57-46E8-AB9F-BCFD23898F1E}.Release|Any CPU.ActiveCfg = Release|Any CPU
		{661206A9-DC57-46E8-AB9F-BCFD23898F1E}.Release|Any CPU.Build.0 = Release|Any CPU
	EndGlobalSection
	GlobalSection(SolutionProperties) = preSolution
		HideSolutionNode = FALSE
	EndGlobalSection
EndGlobal
